
Microsoft Visual Studio Solution File, Format Version 12.00
# Visual Studio 2013
VisualStudioVersion = 12.0.30723.0
MinimumVisualStudioVersion = 10.0.40219.1
Project("{FAE04EC0-301F-11D3-BF4B-00C04F79EFBC}") = "PointW.WebApi.ResourceModel", "PointW.WebApi.ResourceModel\PointW.WebApi.ResourceModel.csproj", "{E696A2C9-C752-4BC0-AAF9-AE375017C2DF}"
EndProject
Project("{FAE04EC0-301F-11D3-BF4B-00C04F79EFBC}") = "PointW.WebApi.MediaTypeFormatters.Hal", "PointW.WebApi.MediaTypeFormatters.Hal\PointW.WebApi.MediaTypeFormatters.Hal.csproj", "{81EDF30F-3030-42F3-A28A-96E72DC37CF1}"
EndProject
Project("{FAE04EC0-301F-11D3-BF4B-00C04F79EFBC}") = "PointW.WebApi.MediaTypeFormatters.Hal.Tests", "PointW.WebApi.MediaTypeFormatters.Hal.Tests\PointW.WebApi.MediaTypeFormatters.Hal.Tests.csproj", "{40EB3103-87C9-4AC8-B69C-0D5BD34834BF}"
EndProject
Global
	GlobalSection(SolutionConfigurationPlatforms) = preSolution
		Debug|Any CPU = Debug|Any CPU
		Release|Any CPU = Release|Any CPU
	EndGlobalSection
	GlobalSection(ProjectConfigurationPlatforms) = postSolution
		{E696A2C9-C752-4BC0-AAF9-AE375017C2DF}.Debug|Any CPU.ActiveCfg = Debug|Any CPU
		{E696A2C9-C752-4BC0-AAF9-AE375017C2DF}.Debug|Any CPU.Build.0 = Debug|Any CPU
		{E696A2C9-C752-4BC0-AAF9-AE375017C2DF}.Release|Any CPU.ActiveCfg = Release|Any CPU
		{E696A2C9-C752-4BC0-AAF9-AE375017C2DF}.Release|Any CPU.Build.0 = Release|Any CPU
		{81EDF30F-3030-42F3-A28A-96E72DC37CF1}.Debug|Any CPU.ActiveCfg = Debug|Any CPU
		{81EDF30F-3030-42F3-A28A-96E72DC37CF1}.Debug|Any CPU.Build.0 = Debug|Any CPU
		{81EDF30F-3030-42F3-A28A-96E72DC37CF1}.Release|Any CPU.ActiveCfg = Release|Any CPU
		{81EDF30F-3030-42F3-A28A-96E72DC37CF1}.Release|Any CPU.Build.0 = Release|Any CPU
		{40EB3103-87C9-4AC8-B69C-0D5BD34834BF}.Debug|Any CPU.ActiveCfg = Debug|Any CPU
		{40EB3103-87C9-4AC8-B69C-0D5BD34834BF}.Debug|Any CPU.Build.0 = Debug|Any CPU
		{40EB3103-87C9-4AC8-B69C-0D5BD34834BF}.Release|Any CPU.ActiveCfg = Release|Any CPU
		{40EB3103-87C9-4AC8-B69C-0D5BD34834BF}.Release|Any CPU.Build.0 = Release|Any CPU
	EndGlobalSection
	GlobalSection(SolutionProperties) = preSolution
		HideSolutionNode = FALSE
	EndGlobalSection
EndGlobal
