
Microsoft Visual Studio Solution File, Format Version 12.00
# Visual Studio 2013
VisualStudioVersion = 12.0.30723.0
MinimumVisualStudioVersion = 10.0.40219.1
Project("{FAE04EC0-301F-11D3-BF4B-00C04F79EFBC}") = "PointW.WebApi.ResourceModel", "PointW.WebApi.ResourceModel\PointW.WebApi.ResourceModel.csproj", "{E696A2C9-C752-4BC0-AAF9-AE375017C2DF}"
EndProject
Project("{FAE04EC0-301F-11D3-BF4B-00C04F79EFBC}") = "PointW.WebApi.MediaTypeFormatters.Hal", "PointW.WebApi.MediaTypeFormatters.Hal\PointW.WebApi.MediaTypeFormatters.Hal.csproj", "{81EDF30F-3030-42F3-A28A-96E72DC37CF1}"
EndProject
Project("{FAE04EC0-301F-11D3-BF4B-00C04F79EFBC}") = "PointW.WebApi.MediaTypeFormatters.Hal.Tests", "PointW.WebApi.MediaTypeFormatters.Hal.Tests\PointW.WebApi.MediaTypeFormatters.Hal.Tests.csproj", "{40EB3103-87C9-4AC8-B69C-0D5BD34834BF}"
EndProject
Project("{FAE04EC0-301F-11D3-BF4B-00C04F79EFBC}") = "PointW.WebApi.ResourceModel.TestResources", "PointW.WebApi.ResourceModel.TestResources\PointW.WebApi.ResourceModel.TestResources.csproj", "{EC6979C6-0A13-490A-B1F1-D3E257A7985F}"
EndProject
Project("{2150E333-8FDC-42A3-9474-1A3956D46DE8}") = "Tests", "Tests", "{22246621-1061-4380-80DC-D35589625C60}"
EndProject
Project("{FAE04EC0-301F-11D3-BF4B-00C04F79EFBC}") = "PointW.WebApi.ResourceModel.TestControllers", "PointW.WebApi.ResourceModel.TestControllers\PointW.WebApi.ResourceModel.TestControllers.csproj", "{58665566-AD6A-4DA8-A086-2ED00EC25F09}"
EndProject
Project("{FAE04EC0-301F-11D3-BF4B-00C04F79EFBC}") = "PointW.WebApi.MediaTypeFormatters.CollectionJson", "PointW.WebApi.MediaTypeFormatters.CollectionJson\PointW.WebApi.MediaTypeFormatters.CollectionJson.csproj", "{4E57B4A4-4929-429C-8F57-1CADDB312CD3}"
EndProject
Project("{FAE04EC0-301F-11D3-BF4B-00C04F79EFBC}") = "PointW.WebApi.MediaTypeFormatters.CollectionJson.Tests", "PointW.WebApi.MediaTypeFormatters.CollectionJson.Tests\PointW.WebApi.MediaTypeFormatters.CollectionJson.Tests.csproj", "{97996A5D-83A5-4697-973B-0A840405D2C2}"
EndProject
Project("{FAE04EC0-301F-11D3-BF4B-00C04F79EFBC}") = "PointW.WebApi.MediaTypeFormatters.TestHelpers", "PointW.WebApi.MediaTypeFormatters.TestHelpers\PointW.WebApi.MediaTypeFormatters.TestHelpers.csproj", "{1162EB28-743A-4BE4-86D8-81AC2325D5DB}"
EndProject
Global
	GlobalSection(SolutionConfigurationPlatforms) = preSolution
		Debug|Any CPU = Debug|Any CPU
		Release|Any CPU = Release|Any CPU
	EndGlobalSection
	GlobalSection(ProjectConfigurationPlatforms) = postSolution
		{E696A2C9-C752-4BC0-AAF9-AE375017C2DF}.Debug|Any CPU.ActiveCfg = Debug|Any CPU
		{E696A2C9-C752-4BC0-AAF9-AE375017C2DF}.Debug|Any CPU.Build.0 = Debug|Any CPU
		{E696A2C9-C752-4BC0-AAF9-AE375017C2DF}.Release|Any CPU.ActiveCfg = Release|Any CPU
		{E696A2C9-C752-4BC0-AAF9-AE375017C2DF}.Release|Any CPU.Build.0 = Release|Any CPU
		{81EDF30F-3030-42F3-A28A-96E72DC37CF1}.Debug|Any CPU.ActiveCfg = Debug|Any CPU
		{81EDF30F-3030-42F3-A28A-96E72DC37CF1}.Debug|Any CPU.Build.0 = Debug|Any CPU
		{81EDF30F-3030-42F3-A28A-96E72DC37CF1}.Release|Any CPU.ActiveCfg = Release|Any CPU
		{81EDF30F-3030-42F3-A28A-96E72DC37CF1}.Release|Any CPU.Build.0 = Release|Any CPU
		{40EB3103-87C9-4AC8-B69C-0D5BD34834BF}.Debug|Any CPU.ActiveCfg = Debug|Any CPU
		{40EB3103-87C9-4AC8-B69C-0D5BD34834BF}.Debug|Any CPU.Build.0 = Debug|Any CPU
		{40EB3103-87C9-4AC8-B69C-0D5BD34834BF}.Release|Any CPU.ActiveCfg = Release|Any CPU
		{40EB3103-87C9-4AC8-B69C-0D5BD34834BF}.Release|Any CPU.Build.0 = Release|Any CPU
		{EC6979C6-0A13-490A-B1F1-D3E257A7985F}.Debug|Any CPU.ActiveCfg = Debug|Any CPU
		{EC6979C6-0A13-490A-B1F1-D3E257A7985F}.Debug|Any CPU.Build.0 = Debug|Any CPU
		{EC6979C6-0A13-490A-B1F1-D3E257A7985F}.Release|Any CPU.ActiveCfg = Release|Any CPU
		{EC6979C6-0A13-490A-B1F1-D3E257A7985F}.Release|Any CPU.Build.0 = Release|Any CPU
		{58665566-AD6A-4DA8-A086-2ED00EC25F09}.Debug|Any CPU.ActiveCfg = Debug|Any CPU
		{58665566-AD6A-4DA8-A086-2ED00EC25F09}.Debug|Any CPU.Build.0 = Debug|Any CPU
		{58665566-AD6A-4DA8-A086-2ED00EC25F09}.Release|Any CPU.ActiveCfg = Release|Any CPU
		{58665566-AD6A-4DA8-A086-2ED00EC25F09}.Release|Any CPU.Build.0 = Release|Any CPU
		{4E57B4A4-4929-429C-8F57-1CADDB312CD3}.Debug|Any CPU.ActiveCfg = Debug|Any CPU
		{4E57B4A4-4929-429C-8F57-1CADDB312CD3}.Debug|Any CPU.Build.0 = Debug|Any CPU
		{4E57B4A4-4929-429C-8F57-1CADDB312CD3}.Release|Any CPU.ActiveCfg = Release|Any CPU
		{4E57B4A4-4929-429C-8F57-1CADDB312CD3}.Release|Any CPU.Build.0 = Release|Any CPU
		{97996A5D-83A5-4697-973B-0A840405D2C2}.Debug|Any CPU.ActiveCfg = Debug|Any CPU
		{97996A5D-83A5-4697-973B-0A840405D2C2}.Debug|Any CPU.Build.0 = Debug|Any CPU
		{97996A5D-83A5-4697-973B-0A840405D2C2}.Release|Any CPU.ActiveCfg = Release|Any CPU
		{97996A5D-83A5-4697-973B-0A840405D2C2}.Release|Any CPU.Build.0 = Release|Any CPU
		{1162EB28-743A-4BE4-86D8-81AC2325D5DB}.Debug|Any CPU.ActiveCfg = Debug|Any CPU
		{1162EB28-743A-4BE4-86D8-81AC2325D5DB}.Debug|Any CPU.Build.0 = Debug|Any CPU
		{1162EB28-743A-4BE4-86D8-81AC2325D5DB}.Release|Any CPU.ActiveCfg = Release|Any CPU
		{1162EB28-743A-4BE4-86D8-81AC2325D5DB}.Release|Any CPU.Build.0 = Release|Any CPU
	EndGlobalSection
	GlobalSection(SolutionProperties) = preSolution
		HideSolutionNode = FALSE
	EndGlobalSection
	GlobalSection(NestedProjects) = preSolution
		{40EB3103-87C9-4AC8-B69C-0D5BD34834BF} = {22246621-1061-4380-80DC-D35589625C60}
		{EC6979C6-0A13-490A-B1F1-D3E257A7985F} = {22246621-1061-4380-80DC-D35589625C60}
		{58665566-AD6A-4DA8-A086-2ED00EC25F09} = {22246621-1061-4380-80DC-D35589625C60}
		{97996A5D-83A5-4697-973B-0A840405D2C2} = {22246621-1061-4380-80DC-D35589625C60}
		{1162EB28-743A-4BE4-86D8-81AC2325D5DB} = {22246621-1061-4380-80DC-D35589625C60}
	EndGlobalSection
EndGlobal
